// !$*UTF8*$!
{
	archiveVersion = 1;
	classes = {
	};
	objectVersion = 51;
	objects = {

/* Begin PBXBuildFile section */
		2A304DF526633F15007A903D /* GoogleService-Info.plist in Resources */ = {isa = PBXBuildFile; fileRef = 2A304DF426633F15007A903D /* GoogleService-Info.plist */; };
		2A837D1B265F08FE00F064FE /* AppDelegate.swift in Sources */ = {isa = PBXBuildFile; fileRef = 2A837D1A265F08FE00F064FE /* AppDelegate.swift */; };
		2A837D1D265F08FE00F064FE /* SceneDelegate.swift in Sources */ = {isa = PBXBuildFile; fileRef = 2A837D1C265F08FE00F064FE /* SceneDelegate.swift */; };
		2A837D1F265F08FE00F064FE /* ViewController.swift in Sources */ = {isa = PBXBuildFile; fileRef = 2A837D1E265F08FE00F064FE /* ViewController.swift */; };
		2A837D24265F08FF00F064FE /* Images.xcassets in Resources */ = {isa = PBXBuildFile; fileRef = 2A837D23265F08FF00F064FE /* Images.xcassets */; };
		2A837D27265F08FF00F064FE /* LaunchScreen.storyboard in Resources */ = {isa = PBXBuildFile; fileRef = 2A837D25265F08FF00F064FE /* LaunchScreen.storyboard */; };
		2A837D4C265F0EF600F064FE /* Colors.xcassets in Resources */ = {isa = PBXBuildFile; fileRef = 2A837D4B265F0EF600F064FE /* Colors.xcassets */; };
		2A837D50265F0FF600F064FE /* Localizable.strings in Resources */ = {isa = PBXBuildFile; fileRef = 2A837D4F265F0FF600F064FE /* Localizable.strings */; };
		2A837D5E265F112500F064FE /* Asset.swift in Sources */ = {isa = PBXBuildFile; fileRef = 2A837D5B265F112500F064FE /* Asset.swift */; };
		2A837D5F265F112500F064FE /* Plist.swift in Sources */ = {isa = PBXBuildFile; fileRef = 2A837D5C265F112500F064FE /* Plist.swift */; };
		2A837D60265F112500F064FE /* Strings.swift in Sources */ = {isa = PBXBuildFile; fileRef = 2A837D5D265F112500F064FE /* Strings.swift */; };
		2A837D64265F115B00F064FE /* Segues.swift in Sources */ = {isa = PBXBuildFile; fileRef = 2A837D62265F115B00F064FE /* Segues.swift */; };
		2A837D65265F115B00F064FE /* Storyboards.swift in Sources */ = {isa = PBXBuildFile; fileRef = 2A837D63265F115B00F064FE /* Storyboards.swift */; };
		2A837D70265F11E700F064FE /* Settings.bundle in Resources */ = {isa = PBXBuildFile; fileRef = 2A837D6F265F11E700F064FE /* Settings.bundle */; };
		DE194566832722EF1CAE2FD0 /* Pods_LightPersonalLogger.framework in Frameworks */ = {isa = PBXBuildFile; fileRef = 4362323347AEB59272881C2C /* Pods_LightPersonalLogger.framework */; };
/* End PBXBuildFile section */

/* Begin PBXFileReference section */
		2A304DF426633F15007A903D /* GoogleService-Info.plist */ = {isa = PBXFileReference; fileEncoding = 4; lastKnownFileType = text.plist.xml; path = "GoogleService-Info.plist"; sourceTree = "<group>"; };
		2A837D17265F08FE00F064FE /* LightPersonalLogger.app */ = {isa = PBXFileReference; explicitFileType = wrapper.application; includeInIndex = 0; path = LightPersonalLogger.app; sourceTree = BUILT_PRODUCTS_DIR; };
		2A837D1A265F08FE00F064FE /* AppDelegate.swift */ = {isa = PBXFileReference; lastKnownFileType = sourcecode.swift; path = AppDelegate.swift; sourceTree = "<group>"; };
		2A837D1C265F08FE00F064FE /* SceneDelegate.swift */ = {isa = PBXFileReference; lastKnownFileType = sourcecode.swift; path = SceneDelegate.swift; sourceTree = "<group>"; };
		2A837D1E265F08FE00F064FE /* ViewController.swift */ = {isa = PBXFileReference; lastKnownFileType = sourcecode.swift; path = ViewController.swift; sourceTree = "<group>"; };
		2A837D23265F08FF00F064FE /* Images.xcassets */ = {isa = PBXFileReference; lastKnownFileType = folder.assetcatalog; path = Images.xcassets; sourceTree = "<group>"; };
		2A837D26265F08FF00F064FE /* Base */ = {isa = PBXFileReference; lastKnownFileType = file.storyboard; name = Base; path = Base.lproj/LaunchScreen.storyboard; sourceTree = "<group>"; };
		2A837D28265F08FF00F064FE /* Info.plist */ = {isa = PBXFileReference; lastKnownFileType = text.plist.xml; path = Info.plist; sourceTree = "<group>"; };
		2A837D4B265F0EF600F064FE /* Colors.xcassets */ = {isa = PBXFileReference; lastKnownFileType = folder.assetcatalog; path = Colors.xcassets; sourceTree = "<group>"; };
		2A837D4F265F0FF600F064FE /* Localizable.strings */ = {isa = PBXFileReference; lastKnownFileType = text.plist.strings; path = Localizable.strings; sourceTree = "<group>"; };
		2A837D5B265F112500F064FE /* Asset.swift */ = {isa = PBXFileReference; fileEncoding = 4; lastKnownFileType = sourcecode.swift; path = Asset.swift; sourceTree = "<group>"; };
		2A837D5C265F112500F064FE /* Plist.swift */ = {isa = PBXFileReference; fileEncoding = 4; lastKnownFileType = sourcecode.swift; path = Plist.swift; sourceTree = "<group>"; };
		2A837D5D265F112500F064FE /* Strings.swift */ = {isa = PBXFileReference; fileEncoding = 4; lastKnownFileType = sourcecode.swift; path = Strings.swift; sourceTree = "<group>"; };
		2A837D62265F115B00F064FE /* Segues.swift */ = {isa = PBXFileReference; fileEncoding = 4; lastKnownFileType = sourcecode.swift; path = Segues.swift; sourceTree = "<group>"; };
		2A837D63265F115B00F064FE /* Storyboards.swift */ = {isa = PBXFileReference; fileEncoding = 4; lastKnownFileType = sourcecode.swift; path = Storyboards.swift; sourceTree = "<group>"; };
		2A837D6F265F11E700F064FE /* Settings.bundle */ = {isa = PBXFileReference; lastKnownFileType = "wrapper.plug-in"; path = Settings.bundle; sourceTree = "<group>"; };
		4362323347AEB59272881C2C /* Pods_LightPersonalLogger.framework */ = {isa = PBXFileReference; explicitFileType = wrapper.framework; includeInIndex = 0; path = Pods_LightPersonalLogger.framework; sourceTree = BUILT_PRODUCTS_DIR; };
		7CC6C0E60277442309010398 /* Pods-LightPersonalLogger.release.xcconfig */ = {isa = PBXFileReference; includeInIndex = 1; lastKnownFileType = text.xcconfig; name = "Pods-LightPersonalLogger.release.xcconfig"; path = "Target Support Files/Pods-LightPersonalLogger/Pods-LightPersonalLogger.release.xcconfig"; sourceTree = "<group>"; };
		BAA91F6B512EB89878D13AE6 /* Pods-LightPersonalLogger.debug.xcconfig */ = {isa = PBXFileReference; includeInIndex = 1; lastKnownFileType = text.xcconfig; name = "Pods-LightPersonalLogger.debug.xcconfig"; path = "Target Support Files/Pods-LightPersonalLogger/Pods-LightPersonalLogger.debug.xcconfig"; sourceTree = "<group>"; };
/* End PBXFileReference section */

/* Begin PBXFrameworksBuildPhase section */
		2A837D14265F08FD00F064FE /* Frameworks */ = {
			isa = PBXFrameworksBuildPhase;
			buildActionMask = 2147483647;
			files = (
				DE194566832722EF1CAE2FD0 /* Pods_LightPersonalLogger.framework in Frameworks */,
			);
			runOnlyForDeploymentPostprocessing = 0;
		};
/* End PBXFrameworksBuildPhase section */

/* Begin PBXGroup section */
		2A837D0E265F08FD00F064FE = {
			isa = PBXGroup;
			children = (
				2A837D19265F08FE00F064FE /* LightPersonalLogger */,
				2A837D18265F08FE00F064FE /* Products */,
				C1D1E0FD0A41163663C244B0 /* Pods */,
				5EE1BC0AEC996BD9678A29FA /* Frameworks */,
			);
			sourceTree = "<group>";
		};
		2A837D18265F08FE00F064FE /* Products */ = {
			isa = PBXGroup;
			children = (
				2A837D17265F08FE00F064FE /* LightPersonalLogger.app */,
			);
			name = Products;
			sourceTree = "<group>";
		};
		2A837D19265F08FE00F064FE /* LightPersonalLogger */ = {
			isa = PBXGroup;
			children = (
				2A304DF426633F15007A903D /* GoogleService-Info.plist */,
				2A837D57265F109300F064FE /* Constants */,
				2A837D46265F0E9100F064FE /* Features */,
				2A837D45265F0E8500F064FE /* Resources */,
			);
			path = LightPersonalLogger;
			sourceTree = "<group>";
		};
		2A837D45265F0E8500F064FE /* Resources */ = {
			isa = PBXGroup;
			children = (
				2A837D6F265F11E700F064FE /* Settings.bundle */,
				2A837D28265F08FF00F064FE /* Info.plist */,
				2A837D4F265F0FF600F064FE /* Localizable.strings */,
				2A837D4B265F0EF600F064FE /* Colors.xcassets */,
				2A837D23265F08FF00F064FE /* Images.xcassets */,
				2A837D49265F0EBF00F064FE /* Storyboards */,
			);
			path = Resources;
			sourceTree = "<group>";
		};
		2A837D46265F0E9100F064FE /* Features */ = {
			isa = PBXGroup;
			children = (
				2A837D48265F0EA300F064FE /* AppDelegate */,
				2A837D47265F0E9F00F064FE /* Main */,
			);
			path = Features;
			sourceTree = "<group>";
		};
		2A837D47265F0E9F00F064FE /* Main */ = {
			isa = PBXGroup;
			children = (
				2A837D1E265F08FE00F064FE /* ViewController.swift */,
			);
			path = Main;
			sourceTree = "<group>";
		};
		2A837D48265F0EA300F064FE /* AppDelegate */ = {
			isa = PBXGroup;
			children = (
				2A837D1A265F08FE00F064FE /* AppDelegate.swift */,
				2A837D1C265F08FE00F064FE /* SceneDelegate.swift */,
			);
			path = AppDelegate;
			sourceTree = "<group>";
		};
		2A837D49265F0EBF00F064FE /* Storyboards */ = {
			isa = PBXGroup;
			children = (
				2A837D25265F08FF00F064FE /* LaunchScreen.storyboard */,
			);
			path = Storyboards;
			sourceTree = "<group>";
		};
		2A837D57265F109300F064FE /* Constants */ = {
			isa = PBXGroup;
			children = (
				2A837D58265F109700F064FE /* SwiftGen */,
			);
			path = Constants;
			sourceTree = "<group>";
		};
		2A837D58265F109700F064FE /* SwiftGen */ = {
			isa = PBXGroup;
			children = (
				2A837D5B265F112500F064FE /* Asset.swift */,
				2A837D5C265F112500F064FE /* Plist.swift */,
				2A837D62265F115B00F064FE /* Segues.swift */,
				2A837D63265F115B00F064FE /* Storyboards.swift */,
				2A837D5D265F112500F064FE /* Strings.swift */,
			);
			path = SwiftGen;
			sourceTree = "<group>";
		};
		5EE1BC0AEC996BD9678A29FA /* Frameworks */ = {
			isa = PBXGroup;
			children = (
				4362323347AEB59272881C2C /* Pods_LightPersonalLogger.framework */,
			);
			name = Frameworks;
			sourceTree = "<group>";
		};
		C1D1E0FD0A41163663C244B0 /* Pods */ = {
			isa = PBXGroup;
			children = (
				BAA91F6B512EB89878D13AE6 /* Pods-LightPersonalLogger.debug.xcconfig */,
				7CC6C0E60277442309010398 /* Pods-LightPersonalLogger.release.xcconfig */,
			);
			path = Pods;
			sourceTree = "<group>";
		};
/* End PBXGroup section */

/* Begin PBXNativeTarget section */
		2A837D16265F08FD00F064FE /* LightPersonalLogger */ = {
			isa = PBXNativeTarget;
			buildConfigurationList = 2A837D2B265F08FF00F064FE /* Build configuration list for PBXNativeTarget "LightPersonalLogger" */;
			buildPhases = (
				6C578858C7C0C6529E9A13AC /* [CP] Check Pods Manifest.lock */,
				2A837D33265F0B0100F064FE /* Run Swift Format */,
				2A837D3B265F0CA300F064FE /* Run Swift Lint */,
				2A837D59265F10C800F064FE /* Run SwiftGen */,
				2A304DFF266340AA007A903D /* Run Copy Google-Service-Info.plist */,
				2A837D13265F08FD00F064FE /* Sources */,
				2A837D14265F08FD00F064FE /* Frameworks */,
				2A837D15265F08FD00F064FE /* Resources */,
				2A304DFE26633FAA007A903D /* Run Restore Google-Service-Info.plist */,
				2A837D6D265F11A600F064FE /* Run LicensePlist */,
				3FF76E130DDB6DB1D73A3E53 /* [CP] Embed Pods Frameworks */,
			);
			buildRules = (
			);
			dependencies = (
			);
			name = LightPersonalLogger;
			productName = LightPersonalLogger;
			productReference = 2A837D17265F08FE00F064FE /* LightPersonalLogger.app */;
			productType = "com.apple.product-type.application";
		};
/* End PBXNativeTarget section */

/* Begin PBXProject section */
		2A837D0F265F08FD00F064FE /* Project object */ = {
			isa = PBXProject;
			attributes = {
				LastSwiftUpdateCheck = 1240;
				LastUpgradeCheck = 1240;
				TargetAttributes = {
					2A837D16265F08FD00F064FE = {
						CreatedOnToolsVersion = 12.4;
					};
				};
			};
			buildConfigurationList = 2A837D12265F08FD00F064FE /* Build configuration list for PBXProject "LightPersonalLogger" */;
			compatibilityVersion = "Xcode 9.3";
			developmentRegion = en;
			hasScannedForEncodings = 0;
			knownRegions = (
				en,
				Base,
			);
			mainGroup = 2A837D0E265F08FD00F064FE;
			productRefGroup = 2A837D18265F08FE00F064FE /* Products */;
			projectDirPath = "";
			projectRoot = "";
			targets = (
				2A837D16265F08FD00F064FE /* LightPersonalLogger */,
			);
		};
/* End PBXProject section */

/* Begin PBXResourcesBuildPhase section */
		2A837D15265F08FD00F064FE /* Resources */ = {
			isa = PBXResourcesBuildPhase;
			buildActionMask = 2147483647;
			files = (
				2A837D50265F0FF600F064FE /* Localizable.strings in Resources */,
				2A837D27265F08FF00F064FE /* LaunchScreen.storyboard in Resources */,
				2A837D4C265F0EF600F064FE /* Colors.xcassets in Resources */,
				2A837D24265F08FF00F064FE /* Images.xcassets in Resources */,
				2A837D70265F11E700F064FE /* Settings.bundle in Resources */,
				2A304DF526633F15007A903D /* GoogleService-Info.plist in Resources */,
			);
			runOnlyForDeploymentPostprocessing = 0;
		};
/* End PBXResourcesBuildPhase section */

/* Begin PBXShellScriptBuildPhase section */
		2A304DFE26633FAA007A903D /* Run Restore Google-Service-Info.plist */ = {
			isa = PBXShellScriptBuildPhase;
			buildActionMask = 2147483647;
			files = (
			);
			inputFileListPaths = (
			);
			inputPaths = (
			);
			name = "Run Restore Google-Service-Info.plist";
			outputFileListPaths = (
			);
			outputPaths = (
			);
			runOnlyForDeploymentPostprocessing = 0;
			shellPath = /bin/sh;
			shellScript = "if [ $CONFIGURATION = \"Release\" ]; then\n  echo \"When Release, no needs to restore.\"\nelse\n  echo \"Restore GoogleService-info.plist\"\n  cp -f ${SRCROOT}/${PRODUCT_NAME}/GoogleService-Info_prod.plist ${SRCROOT}/${PRODUCT_NAME}/GoogleService-info.plist\nfi\n";
		};
		2A304DFF266340AA007A903D /* Run Copy Google-Service-Info.plist */ = {
			isa = PBXShellScriptBuildPhase;
			buildActionMask = 2147483647;
			files = (
			);
			inputFileListPaths = (
			);
			inputPaths = (
			);
			name = "Run Copy Google-Service-Info.plist";
			outputFileListPaths = (
			);
			outputPaths = (
			);
			runOnlyForDeploymentPostprocessing = 0;
			shellPath = /bin/sh;
			shellScript = "if [ $CONFIGURATION = \"Release\" ]; then\n  echo \"When Release, no needs to copy.\"\nelse\n  echo \"Copy GoogleService-info.plist\"\n  cp -f ${SRCROOT}/${PRODUCT_NAME}/GoogleService-Info_dev.plist ${SRCROOT}/${PRODUCT_NAME}/GoogleService-info.plist\nfi\n";
		};
		2A837D33265F0B0100F064FE /* Run Swift Format */ = {
			isa = PBXShellScriptBuildPhase;
			buildActionMask = 2147483647;
			files = (
			);
			inputFileListPaths = (
			);
			inputPaths = (
			);
			name = "Run Swift Format";
			outputFileListPaths = (
			);
			outputPaths = (
			);
			runOnlyForDeploymentPostprocessing = 0;
			shellPath = /bin/sh;
			shellScript = "\"${PODS_ROOT}/SwiftFormat/CommandLineTool/swiftformat\" . --exclude Pods --trimwhitespace nonblank-lines --stripunusedargs closure-only --ifdef noindent --disable strongOutlets,trailingCommas,wrapMultilineStatementBraces,redundantType --swiftversion 5\n";
		};
		2A837D3B265F0CA300F064FE /* Run Swift Lint */ = {
			isa = PBXShellScriptBuildPhase;
			buildActionMask = 2147483647;
			files = (
			);
			inputFileListPaths = (
			);
			inputPaths = (
			);
			name = "Run Swift Lint";
			outputFileListPaths = (
			);
			outputPaths = (
			);
			runOnlyForDeploymentPostprocessing = 0;
			shellPath = /bin/sh;
			shellScript = "if which \"${PODS_ROOT}/SwiftLint/swiftlint\" >/dev/null; then\n    ${PODS_ROOT}/SwiftLint/swiftlint\nelse\n    echo \"warning: SwiftLint not installed, download from https://github.com/realm/SwiftLint\"\nfi\n\n";
		};
		2A837D59265F10C800F064FE /* Run SwiftGen */ = {
			isa = PBXShellScriptBuildPhase;
			buildActionMask = 2147483647;
			files = (
			);
			inputFileListPaths = (
			);
			inputPaths = (
			);
			name = "Run SwiftGen";
			outputFileListPaths = (
			);
			outputPaths = (
			);
			runOnlyForDeploymentPostprocessing = 0;
			shellPath = /bin/sh;
			shellScript = "${PODS_ROOT}/SwiftGen/bin/SwiftGen\n";
		};
		2A837D6D265F11A600F064FE /* Run LicensePlist */ = {
			isa = PBXShellScriptBuildPhase;
			buildActionMask = 2147483647;
			files = (
			);
			inputFileListPaths = (
			);
			inputPaths = (
			);
			name = "Run LicensePlist";
			outputFileListPaths = (
			);
			outputPaths = (
			);
			runOnlyForDeploymentPostprocessing = 0;
			shellPath = /bin/sh;
			shellScript = "if [ $CONFIGURATION = \"Debug\" ]; then\n    ${PODS_ROOT}/LicensePlist/license-plist --output-path $PRODUCT_NAME/Resources/Settings.bundle\nfi\n";
		};
		3FF76E130DDB6DB1D73A3E53 /* [CP] Embed Pods Frameworks */ = {
			isa = PBXShellScriptBuildPhase;
			buildActionMask = 2147483647;
			files = (
			);
			inputFileListPaths = (
				"${PODS_ROOT}/Target Support Files/Pods-LightPersonalLogger/Pods-LightPersonalLogger-frameworks-${CONFIGURATION}-input-files.xcfilelist",
			);
			name = "[CP] Embed Pods Frameworks";
			outputFileListPaths = (
				"${PODS_ROOT}/Target Support Files/Pods-LightPersonalLogger/Pods-LightPersonalLogger-frameworks-${CONFIGURATION}-output-files.xcfilelist",
			);
			runOnlyForDeploymentPostprocessing = 0;
			shellPath = /bin/sh;
			shellScript = "\"${PODS_ROOT}/Target Support Files/Pods-LightPersonalLogger/Pods-LightPersonalLogger-frameworks.sh\"\n";
			showEnvVarsInLog = 0;
		};
		6C578858C7C0C6529E9A13AC /* [CP] Check Pods Manifest.lock */ = {
			isa = PBXShellScriptBuildPhase;
			buildActionMask = 2147483647;
			files = (
			);
			inputFileListPaths = (
			);
			inputPaths = (
				"${PODS_PODFILE_DIR_PATH}/Podfile.lock",
				"${PODS_ROOT}/Manifest.lock",
			);
			name = "[CP] Check Pods Manifest.lock";
			outputFileListPaths = (
			);
			outputPaths = (
				"$(DERIVED_FILE_DIR)/Pods-LightPersonalLogger-checkManifestLockResult.txt",
			);
			runOnlyForDeploymentPostprocessing = 0;
			shellPath = /bin/sh;
			shellScript = "diff \"${PODS_PODFILE_DIR_PATH}/Podfile.lock\" \"${PODS_ROOT}/Manifest.lock\" > /dev/null\nif [ $? != 0 ] ; then\n    # print error to STDERR\n    echo \"error: The sandbox is not in sync with the Podfile.lock. Run 'pod install' or update your CocoaPods installation.\" >&2\n    exit 1\nfi\n# This output is used by Xcode 'outputs' to avoid re-running this script phase.\necho \"SUCCESS\" > \"${SCRIPT_OUTPUT_FILE_0}\"\n";
			showEnvVarsInLog = 0;
		};
/* End PBXShellScriptBuildPhase section */

/* Begin PBXSourcesBuildPhase section */
		2A837D13265F08FD00F064FE /* Sources */ = {
			isa = PBXSourcesBuildPhase;
			buildActionMask = 2147483647;
			files = (
				2A837D65265F115B00F064FE /* Storyboards.swift in Sources */,
				2A837D5F265F112500F064FE /* Plist.swift in Sources */,
				2A837D1F265F08FE00F064FE /* ViewController.swift in Sources */,
				2A837D1B265F08FE00F064FE /* AppDelegate.swift in Sources */,
				2A837D64265F115B00F064FE /* Segues.swift in Sources */,
				2A837D5E265F112500F064FE /* Asset.swift in Sources */,
				2A837D60265F112500F064FE /* Strings.swift in Sources */,
				2A837D1D265F08FE00F064FE /* SceneDelegate.swift in Sources */,
			);
			runOnlyForDeploymentPostprocessing = 0;
		};
/* End PBXSourcesBuildPhase section */

/* Begin PBXVariantGroup section */
		2A837D25265F08FF00F064FE /* LaunchScreen.storyboard */ = {
			isa = PBXVariantGroup;
			children = (
				2A837D26265F08FF00F064FE /* Base */,
			);
			name = LaunchScreen.storyboard;
			sourceTree = "<group>";
		};
/* End PBXVariantGroup section */

/* Begin XCBuildConfiguration section */
		2A837D29265F08FF00F064FE /* Debug */ = {
			isa = XCBuildConfiguration;
			buildSettings = {
				ALWAYS_SEARCH_USER_PATHS = NO;
				CLANG_ANALYZER_GCD_PERFORMANCE = YES;
				CLANG_ANALYZER_LOCALIZABILITY_EMPTY_CONTEXT = YES;
				CLANG_ANALYZER_LOCALIZABILITY_NONLOCALIZED = YES;
				CLANG_ANALYZER_NONNULL = YES;
				CLANG_ANALYZER_NUMBER_OBJECT_CONVERSION = YES_AGGRESSIVE;
				CLANG_ANALYZER_SECURITY_FLOATLOOPCOUNTER = YES;
				CLANG_ANALYZER_SECURITY_INSECUREAPI_RAND = YES;
				CLANG_ANALYZER_SECURITY_INSECUREAPI_STRCPY = YES;
				CLANG_CXX_LANGUAGE_STANDARD = "gnu++14";
				CLANG_CXX_LIBRARY = "libc++";
				CLANG_ENABLE_MODULES = YES;
				CLANG_ENABLE_OBJC_ARC = YES;
				CLANG_ENABLE_OBJC_WEAK = YES;
				CLANG_WARN_ASSIGN_ENUM = YES;
				CLANG_WARN_BLOCK_CAPTURE_AUTORELEASING = YES;
				CLANG_WARN_BOOL_CONVERSION = YES;
				CLANG_WARN_COMMA = YES;
				CLANG_WARN_CONSTANT_CONVERSION = YES;
				CLANG_WARN_DEPRECATED_OBJC_IMPLEMENTATIONS = YES;
				CLANG_WARN_DIRECT_OBJC_ISA_USAGE = YES_ERROR;
				CLANG_WARN_DOCUMENTATION_COMMENTS = YES;
				CLANG_WARN_EMPTY_BODY = YES;
				CLANG_WARN_ENUM_CONVERSION = YES;
				CLANG_WARN_FLOAT_CONVERSION = YES_ERROR;
				CLANG_WARN_IMPLICIT_SIGN_CONVERSION = YES_ERROR;
				CLANG_WARN_INFINITE_RECURSION = YES;
				CLANG_WARN_INT_CONVERSION = YES;
				CLANG_WARN_NON_LITERAL_NULL_CONVERSION = YES;
				CLANG_WARN_OBJC_IMPLICIT_RETAIN_SELF = YES;
				CLANG_WARN_OBJC_LITERAL_CONVERSION = YES;
				CLANG_WARN_OBJC_ROOT_CLASS = YES_ERROR;
				CLANG_WARN_QUOTED_INCLUDE_IN_FRAMEWORK_HEADER = YES;
				CLANG_WARN_RANGE_LOOP_ANALYSIS = YES;
				CLANG_WARN_STRICT_PROTOTYPES = YES;
				CLANG_WARN_SUSPICIOUS_MOVE = YES;
				CLANG_WARN_UNGUARDED_AVAILABILITY = YES_AGGRESSIVE;
				CLANG_WARN_UNREACHABLE_CODE = YES;
				CLANG_WARN__DUPLICATE_METHOD_MATCH = YES;
				COPY_PHASE_STRIP = NO;
				DEBUG_INFORMATION_FORMAT = dwarf;
				ENABLE_STRICT_OBJC_MSGSEND = YES;
				ENABLE_TESTABILITY = YES;
				GCC_C_LANGUAGE_STANDARD = gnu11;
				GCC_DYNAMIC_NO_PIC = NO;
				GCC_NO_COMMON_BLOCKS = YES;
				GCC_OPTIMIZATION_LEVEL = 0;
				GCC_PREPROCESSOR_DEFINITIONS = (
					"DEBUG=1",
					"$(inherited)",
				);
				GCC_TREAT_IMPLICIT_FUNCTION_DECLARATIONS_AS_ERRORS = YES;
				GCC_TREAT_INCOMPATIBLE_POINTER_TYPE_WARNINGS_AS_ERRORS = YES;
				GCC_TREAT_WARNINGS_AS_ERRORS = YES;
				GCC_WARN_64_TO_32_BIT_CONVERSION = YES;
				GCC_WARN_ABOUT_MISSING_FIELD_INITIALIZERS = YES;
				GCC_WARN_ABOUT_MISSING_NEWLINE = YES;
				GCC_WARN_ABOUT_MISSING_PROTOTYPES = YES;
				GCC_WARN_ABOUT_RETURN_TYPE = YES_ERROR;
				GCC_WARN_FOUR_CHARACTER_CONSTANTS = YES;
				GCC_WARN_INHIBIT_ALL_WARNINGS = YES;
				GCC_WARN_INITIALIZER_NOT_FULLY_BRACKETED = YES;
				GCC_WARN_PEDANTIC = YES;
				GCC_WARN_SHADOW = YES;
				GCC_WARN_UNDECLARED_SELECTOR = YES;
				GCC_WARN_UNINITIALIZED_AUTOS = YES_AGGRESSIVE;
				GCC_WARN_UNKNOWN_PRAGMAS = YES;
				GCC_WARN_UNUSED_FUNCTION = YES;
				GCC_WARN_UNUSED_LABEL = YES;
				GCC_WARN_UNUSED_PARAMETER = YES;
				GCC_WARN_UNUSED_VARIABLE = YES;
				IPHONEOS_DEPLOYMENT_TARGET = 13.0;
				MTL_ENABLE_DEBUG_INFO = INCLUDE_SOURCE;
				MTL_FAST_MATH = YES;
				ONLY_ACTIVE_ARCH = YES;
				RUN_CLANG_STATIC_ANALYZER = YES;
				SDKROOT = iphoneos;
				SWIFT_ACTIVE_COMPILATION_CONDITIONS = DEBUG;
				SWIFT_OPTIMIZATION_LEVEL = "-Onone";
			};
			name = Debug;
		};
		2A837D2A265F08FF00F064FE /* Release */ = {
			isa = XCBuildConfiguration;
			buildSettings = {
				ALWAYS_SEARCH_USER_PATHS = NO;
				CLANG_ANALYZER_GCD_PERFORMANCE = YES;
				CLANG_ANALYZER_LOCALIZABILITY_EMPTY_CONTEXT = YES;
				CLANG_ANALYZER_LOCALIZABILITY_NONLOCALIZED = YES;
				CLANG_ANALYZER_NONNULL = YES;
				CLANG_ANALYZER_NUMBER_OBJECT_CONVERSION = YES_AGGRESSIVE;
				CLANG_ANALYZER_SECURITY_FLOATLOOPCOUNTER = YES;
				CLANG_ANALYZER_SECURITY_INSECUREAPI_RAND = YES;
				CLANG_ANALYZER_SECURITY_INSECUREAPI_STRCPY = YES;
				CLANG_CXX_LANGUAGE_STANDARD = "gnu++14";
				CLANG_CXX_LIBRARY = "libc++";
				CLANG_ENABLE_MODULES = YES;
				CLANG_ENABLE_OBJC_ARC = YES;
				CLANG_ENABLE_OBJC_WEAK = YES;
				CLANG_WARN_ASSIGN_ENUM = YES;
				CLANG_WARN_BLOCK_CAPTURE_AUTORELEASING = YES;
				CLANG_WARN_BOOL_CONVERSION = YES;
				CLANG_WARN_COMMA = YES;
				CLANG_WARN_CONSTANT_CONVERSION = YES;
				CLANG_WARN_DEPRECATED_OBJC_IMPLEMENTATIONS = YES;
				CLANG_WARN_DIRECT_OBJC_ISA_USAGE = YES_ERROR;
				CLANG_WARN_DOCUMENTATION_COMMENTS = YES;
				CLANG_WARN_EMPTY_BODY = YES;
				CLANG_WARN_ENUM_CONVERSION = YES;
				CLANG_WARN_FLOAT_CONVERSION = YES_ERROR;
				CLANG_WARN_IMPLICIT_SIGN_CONVERSION = YES_ERROR;
				CLANG_WARN_INFINITE_RECURSION = YES;
				CLANG_WARN_INT_CONVERSION = YES;
				CLANG_WARN_NON_LITERAL_NULL_CONVERSION = YES;
				CLANG_WARN_OBJC_IMPLICIT_RETAIN_SELF = YES;
				CLANG_WARN_OBJC_LITERAL_CONVERSION = YES;
				CLANG_WARN_OBJC_ROOT_CLASS = YES_ERROR;
				CLANG_WARN_QUOTED_INCLUDE_IN_FRAMEWORK_HEADER = YES;
				CLANG_WARN_RANGE_LOOP_ANALYSIS = YES;
				CLANG_WARN_STRICT_PROTOTYPES = YES;
				CLANG_WARN_SUSPICIOUS_MOVE = YES;
				CLANG_WARN_UNGUARDED_AVAILABILITY = YES_AGGRESSIVE;
				CLANG_WARN_UNREACHABLE_CODE = YES;
				CLANG_WARN__DUPLICATE_METHOD_MATCH = YES;
				COPY_PHASE_STRIP = NO;
				DEBUG_INFORMATION_FORMAT = "dwarf-with-dsym";
				ENABLE_NS_ASSERTIONS = NO;
				ENABLE_STRICT_OBJC_MSGSEND = YES;
				GCC_C_LANGUAGE_STANDARD = gnu11;
				GCC_NO_COMMON_BLOCKS = YES;
				GCC_TREAT_IMPLICIT_FUNCTION_DECLARATIONS_AS_ERRORS = YES;
				GCC_TREAT_INCOMPATIBLE_POINTER_TYPE_WARNINGS_AS_ERRORS = YES;
				GCC_TREAT_WARNINGS_AS_ERRORS = YES;
				GCC_WARN_64_TO_32_BIT_CONVERSION = YES;
				GCC_WARN_ABOUT_MISSING_FIELD_INITIALIZERS = YES;
				GCC_WARN_ABOUT_MISSING_NEWLINE = YES;
				GCC_WARN_ABOUT_MISSING_PROTOTYPES = YES;
				GCC_WARN_ABOUT_RETURN_TYPE = YES_ERROR;
				GCC_WARN_FOUR_CHARACTER_CONSTANTS = YES;
				GCC_WARN_INHIBIT_ALL_WARNINGS = YES;
				GCC_WARN_INITIALIZER_NOT_FULLY_BRACKETED = YES;
				GCC_WARN_PEDANTIC = YES;
				GCC_WARN_SHADOW = YES;
				GCC_WARN_UNDECLARED_SELECTOR = YES;
				GCC_WARN_UNINITIALIZED_AUTOS = YES_AGGRESSIVE;
				GCC_WARN_UNKNOWN_PRAGMAS = YES;
				GCC_WARN_UNUSED_FUNCTION = YES;
				GCC_WARN_UNUSED_LABEL = YES;
				GCC_WARN_UNUSED_PARAMETER = YES;
				GCC_WARN_UNUSED_VARIABLE = YES;
				IPHONEOS_DEPLOYMENT_TARGET = 13.0;
				MTL_ENABLE_DEBUG_INFO = NO;
				MTL_FAST_MATH = YES;
				RUN_CLANG_STATIC_ANALYZER = YES;
				SDKROOT = iphoneos;
				SWIFT_COMPILATION_MODE = wholemodule;
				SWIFT_OPTIMIZATION_LEVEL = "-O";
				VALIDATE_PRODUCT = YES;
			};
			name = Release;
		};
		2A837D2C265F08FF00F064FE /* Debug */ = {
			isa = XCBuildConfiguration;
			baseConfigurationReference = BAA91F6B512EB89878D13AE6 /* Pods-LightPersonalLogger.debug.xcconfig */;
			buildSettings = {
				ASSETCATALOG_COMPILER_APPICON_NAME = AppIcon;
				ASSETCATALOG_COMPILER_GLOBAL_ACCENT_COLOR_NAME = AccentColor;
				CODE_SIGN_STYLE = Automatic;
				DEVELOPMENT_TEAM = YMH4JSC3SW;
				INFOPLIST_FILE = LightPersonalLogger/Resources/Info.plist;
				LD_RUNPATH_SEARCH_PATHS = (
					"$(inherited)",
					"@executable_path/Frameworks",
				);
				PRODUCT_BUNDLE_IDENTIFIER = jp.yn.light.LightPersonalLogger.dev;
				PRODUCT_NAME = "$(TARGET_NAME)";
				SWIFT_VERSION = 5.0;
				TARGETED_DEVICE_FAMILY = "1,2";
			};
			name = Debug;
		};
		2A837D2D265F08FF00F064FE /* Release */ = {
			isa = XCBuildConfiguration;
			baseConfigurationReference = 7CC6C0E60277442309010398 /* Pods-LightPersonalLogger.release.xcconfig */;
			buildSettings = {
				ASSETCATALOG_COMPILER_APPICON_NAME = AppIcon;
				ASSETCATALOG_COMPILER_GLOBAL_ACCENT_COLOR_NAME = AccentColor;
				CODE_SIGN_STYLE = Automatic;
				DEVELOPMENT_TEAM = YMH4JSC3SW;
				INFOPLIST_FILE = LightPersonalLogger/Resources/Info.plist;
				LD_RUNPATH_SEARCH_PATHS = (
					"$(inherited)",
					"@executable_path/Frameworks",
				);
				PRODUCT_BUNDLE_IDENTIFIER = jp.yn.light.LightPersonalLogger;
				PRODUCT_NAME = "$(TARGET_NAME)";
				SWIFT_VERSION = 5.0;
				TARGETED_DEVICE_FAMILY = "1,2";
			};
			name = Release;
		};
/* End XCBuildConfiguration section */

/* Begin XCConfigurationList section */
		2A837D12265F08FD00F064FE /* Build configuration list for PBXProject "LightPersonalLogger" */ = {
			isa = XCConfigurationList;
			buildConfigurations = (
				2A837D29265F08FF00F064FE /* Debug */,
				2A837D2A265F08FF00F064FE /* Release */,
			);
			defaultConfigurationIsVisible = 0;
			defaultConfigurationName = Release;
		};
		2A837D2B265F08FF00F064FE /* Build configuration list for PBXNativeTarget "LightPersonalLogger" */ = {
			isa = XCConfigurationList;
			buildConfigurations = (
				2A837D2C265F08FF00F064FE /* Debug */,
				2A837D2D265F08FF00F064FE /* Release */,
			);
			defaultConfigurationIsVisible = 0;
			defaultConfigurationName = Release;
		};
/* End XCConfigurationList section */
	};
	rootObject = 2A837D0F265F08FD00F064FE /* Project object */;
}
